
Microsoft Visual Studio Solution File, Format Version 12.00
# Visual Studio Version 16
VisualStudioVersion = 16.0.28917.181
MinimumVisualStudioVersion = 10.0.40219.1
Project("{FAE04EC0-301F-11D3-BF4B-00C04F79EFBC}") = "Simple games", "Simple games.csproj", "{AB09096E-568B-4A67-9C85-D1C56C19C188}"
EndProject
Global
	GlobalSection(SolutionConfigurationPlatforms) = preSolution
		Debug|Any CPU = Debug|Any CPU
		Release|Any CPU = Release|Any CPU
	EndGlobalSection
	GlobalSection(ProjectConfigurationPlatforms) = postSolution
		{AB09096E-568B-4A67-9C85-D1C56C19C188}.Debug|Any CPU.ActiveCfg = Debug|Any CPU
		{AB09096E-568B-4A67-9C85-D1C56C19C188}.Debug|Any CPU.Build.0 = Debug|Any CPU
		{AB09096E-568B-4A67-9C85-D1C56C19C188}.Release|Any CPU.ActiveCfg = Release|Any CPU
		{AB09096E-568B-4A67-9C85-D1C56C19C188}.Release|Any CPU.Build.0 = Release|Any CPU
	EndGlobalSection
	GlobalSection(SolutionProperties) = preSolution
		HideSolutionNode = FALSE
	EndGlobalSection
	GlobalSection(ExtensibilityGlobals) = postSolution
		SolutionGuid = {191D5796-3524-4751-A75C-597519F20228}
	EndGlobalSection
EndGlobal
